
Microsoft Visual Studio Solution File, Format Version 12.00
# Visual Studio Version 17
VisualStudioVersion = 17.0.32126.317
MinimumVisualStudioVersion = 10.0.40219.1
Project("{FAE04EC0-301F-11D3-BF4B-00C04F79EFBC}") = "ToDoMinimalAPI", "ToDoMinimalAPI\ToDoMinimalAPI.csproj", "{208E438F-9DFF-40DE-AA96-EF148C10F400}"
EndProject
Global
	GlobalSection(SolutionConfigurationPlatforms) = preSolution
		Debug|Any CPU = Debug|Any CPU
		Release|Any CPU = Release|Any CPU
	EndGlobalSection
	GlobalSection(ProjectConfigurationPlatforms) = postSolution
		{208E438F-9DFF-40DE-AA96-EF148C10F400}.Debug|Any CPU.ActiveCfg = Debug|Any CPU
		{208E438F-9DFF-40DE-AA96-EF148C10F400}.Debug|Any CPU.Build.0 = Debug|Any CPU
		{208E438F-9DFF-40DE-AA96-EF148C10F400}.Release|Any CPU.ActiveCfg = Release|Any CPU
		{208E438F-9DFF-40DE-AA96-EF148C10F400}.Release|Any CPU.Build.0 = Release|Any CPU
	EndGlobalSection
	GlobalSection(SolutionProperties) = preSolution
		HideSolutionNode = FALSE
	EndGlobalSection
	GlobalSection(ExtensibilityGlobals) = postSolution
		SolutionGuid = {A89B2695-8A42-43D1-A965-B9A9F95541BF}
	EndGlobalSection
EndGlobal
